
Microsoft Visual Studio Solution File, Format Version 12.00
# Visual Studio Version 16
VisualStudioVersion = 16.0.29306.81
MinimumVisualStudioVersion = 10.0.40219.1
Project("{FAE04EC0-301F-11D3-BF4B-00C04F79EFBC}") = "LifeTheGreenWay", "LifeTheGreenWay\LifeTheGreenWay.csproj", "{5F51BA52-44D2-42B6-9BD1-A2D528923444}"
EndProject
Global
	GlobalSection(SolutionConfigurationPlatforms) = preSolution
		Debug|Any CPU = Debug|Any CPU
		Release|Any CPU = Release|Any CPU
	EndGlobalSection
	GlobalSection(ProjectConfigurationPlatforms) = postSolution
		{5F51BA52-44D2-42B6-9BD1-A2D528923444}.Debug|Any CPU.ActiveCfg = Debug|Any CPU
		{5F51BA52-44D2-42B6-9BD1-A2D528923444}.Debug|Any CPU.Build.0 = Debug|Any CPU
		{5F51BA52-44D2-42B6-9BD1-A2D528923444}.Release|Any CPU.ActiveCfg = Release|Any CPU
		{5F51BA52-44D2-42B6-9BD1-A2D528923444}.Release|Any CPU.Build.0 = Release|Any CPU
	EndGlobalSection
	GlobalSection(SolutionProperties) = preSolution
		HideSolutionNode = FALSE
	EndGlobalSection
	GlobalSection(ExtensibilityGlobals) = postSolution
		SolutionGuid = {5C07EE49-8A3E-4059-B0A4-B4B3B473B8AF}
	EndGlobalSection
EndGlobal
